# This is a Gradle generated file for dependency locking.
# Manual edits can break the build and are not advised.
# This file is expected to be part of source control.
aopalliance:aopalliance:1.0=compileClasspath,runtimeClasspath
com.auth0:java-jwt:4.4.0=runtimeClasspath
com.auth0:jwks-rsa:0.22.0=runtimeClasspath
com.fasterxml.jackson.core:jackson-annotations:2.16.0=compileClasspath,runtimeClasspath
com.fasterxml.jackson.core:jackson-core:2.16.0=compileClasspath,runtimeClasspath
com.fasterxml.jackson.core:jackson-databind:2.16.0=compileClasspath,runtimeClasspath
com.fasterxml.jackson.datatype:jackson-datatype-jdk8:2.16.0=compileClasspath,runtimeClasspath
com.fasterxml.jackson.datatype:jackson-datatype-jsr310:2.16.0=runtimeClasspath
com.fasterxml.jackson:jackson-bom:2.16.0=compileClasspath,runtimeClasspath
com.google.android:annotations:4.1.1.4=runtimeClasspath
com.google.api.grpc:proto-google-common-protos:2.22.0=compileClasspath,runtimeClasspath
com.google.code.findbugs:jsr305:3.0.2=compileClasspath,runtimeClasspath
com.google.code.gson:gson:2.10.1=runtimeClasspath
com.google.errorprone:error_prone_annotations:2.20.0=compileClasspath,runtimeClasspath
com.google.guava:failureaccess:1.0.1=compileClasspath,runtimeClasspath
com.google.guava:guava-parent:32.1.2-jre=compileClasspath,runtimeClasspath
com.google.guava:guava:32.1.2-jre=compileClasspath,runtimeClasspath
com.google.guava:listenablefuture:9999.0-empty-to-avoid-conflict-with-guava=compileClasspath,runtimeClasspath
com.google.inject:guice:6.0.0=compileClasspath,runtimeClasspath
com.google.j2objc:j2objc-annotations:2.8=compileClasspath
com.google.protobuf:protobuf-java:3.24.1=compileClasspath,runtimeClasspath
com.graphql-java-kickstart:graphql-java-kickstart:14.0.0=compileClasspath,runtimeClasspath
com.graphql-java-kickstart:graphql-java-servlet:14.0.0=compileClasspath,runtimeClasspath
com.graphql-java:graphql-java-extended-scalars:17.0=compileClasspath,runtimeClasspath
com.graphql-java:graphql-java:19.6=compileClasspath,runtimeClasspath
com.graphql-java:java-dataloader:3.2.0=compileClasspath,runtimeClasspath
io.github.graphql-java:graphql-java-annotations:9.1=compileClasspath,runtimeClasspath
io.grpc:grpc-api:1.59.1=compileClasspath,runtimeClasspath
io.grpc:grpc-bom:1.59.1=compileClasspath,runtimeClasspath
io.grpc:grpc-context:1.59.1=runtimeClasspath
io.grpc:grpc-core:1.59.1=compileClasspath,runtimeClasspath
io.grpc:grpc-inprocess:1.59.1=runtimeClasspath
io.grpc:grpc-protobuf-lite:1.59.1=compileClasspath,runtimeClasspath
io.grpc:grpc-protobuf:1.59.1=compileClasspath,runtimeClasspath
io.grpc:grpc-stub:1.59.1=compileClasspath,runtimeClasspath
io.grpc:grpc-util:1.59.1=runtimeClasspath
io.netty:netty-bom:4.1.101.Final=runtimeClasspath
io.perfmark:perfmark-api:0.26.0=runtimeClasspath
io.reactivex.rxjava3:rxjava:3.1.7=compileClasspath,runtimeClasspath
jakarta.inject:jakarta.inject-api:2.0.1=compileClasspath,runtimeClasspath
javax.annotation:javax.annotation-api:1.3.2=compileClasspath,runtimeClasspath
javax.inject:javax.inject:1=compileClasspath,runtimeClasspath
javax.servlet:javax.servlet-api:4.0.1=compileClasspath,runtimeClasspath
javax.validation:validation-api:1.1.0.Final=compileClasspath,runtimeClasspath
javax.websocket:javax.websocket-api:1.1=compileClasspath,runtimeClasspath
org.checkerframework:checker-qual:3.33.0=compileClasspath,runtimeClasspath
org.codehaus.mojo:animal-sniffer-annotations:1.23=runtimeClasspath
org.hypertrace.bom:hypertrace-bom:0.3.5=compileClasspath,runtimeClasspath
org.hypertrace.core.attribute.service:attribute-service-api:0.14.35=runtimeClasspath
org.hypertrace.core.attribute.service:caching-attribute-service-client:0.14.35=runtimeClasspath
org.hypertrace.core.grpcutils:grpc-client-rx-utils:0.12.7=runtimeClasspath
org.hypertrace.core.grpcutils:grpc-client-utils:0.12.7=runtimeClasspath
org.hypertrace.core.grpcutils:grpc-context-utils:0.12.7=compileClasspath,runtimeClasspath
org.hypertrace.core.kafkastreams.framework:kafka-bom:0.3.9=compileClasspath,runtimeClasspath
org.hypertrace.gateway.service:gateway-service-api:0.3.9=compileClasspath,runtimeClasspath
org.reactivestreams:reactive-streams:1.0.4=compileClasspath,runtimeClasspath
org.slf4j:slf4j-api:2.0.7=compileClasspath,runtimeClasspath
empty=annotationProcessor
